
Microsoft Visual Studio Solution File, Format Version 12.00
# Visual Studio Version 17
VisualStudioVersion = 17.11.35327.3
MinimumVisualStudioVersion = 10.0.40219.1
Project("{FAE04EC0-301F-11D3-BF4B-00C04F79EFBC}") = "PrimeChecker", "PrimeChecker.csproj", "{FE1F5B81-7F73-4480-9B44-6236FDD3A531}"
EndProject
Global
	GlobalSection(SolutionConfigurationPlatforms) = preSolution
		Debug|Any CPU = Debug|Any CPU
		Release|Any CPU = Release|Any CPU
	EndGlobalSection
	GlobalSection(ProjectConfigurationPlatforms) = postSolution
		{FE1F5B81-7F73-4480-9B44-6236FDD3A531}.Debug|Any CPU.ActiveCfg = Debug|Any CPU
		{FE1F5B81-7F73-4480-9B44-6236FDD3A531}.Debug|Any CPU.Build.0 = Debug|Any CPU
		{FE1F5B81-7F73-4480-9B44-6236FDD3A531}.Release|Any CPU.ActiveCfg = Release|Any CPU
		{FE1F5B81-7F73-4480-9B44-6236FDD3A531}.Release|Any CPU.Build.0 = Release|Any CPU
	EndGlobalSection
	GlobalSection(SolutionProperties) = preSolution
		HideSolutionNode = FALSE
	EndGlobalSection
	GlobalSection(ExtensibilityGlobals) = postSolution
		SolutionGuid = {975B917B-5B83-4F8C-BCD1-ECE698ACBB05}
	EndGlobalSection
EndGlobal
