
Microsoft Visual Studio Solution File, Format Version 12.00
# Visual Studio Version 17
VisualStudioVersion = 17.10.35013.160
MinimumVisualStudioVersion = 10.0.40219.1
Project("{FAE04EC0-301F-11D3-BF4B-00C04F79EFBC}") = "PasswordGenerator", "PasswordGenerator.csproj", "{853C6FCE-3E01-4A93-8786-411056D3A611}"
EndProject
Global
	GlobalSection(SolutionConfigurationPlatforms) = preSolution
		Debug|Any CPU = Debug|Any CPU
		Release|Any CPU = Release|Any CPU
	EndGlobalSection
	GlobalSection(ProjectConfigurationPlatforms) = postSolution
		{853C6FCE-3E01-4A93-8786-411056D3A611}.Debug|Any CPU.ActiveCfg = Debug|Any CPU
		{853C6FCE-3E01-4A93-8786-411056D3A611}.Debug|Any CPU.Build.0 = Debug|Any CPU
		{853C6FCE-3E01-4A93-8786-411056D3A611}.Release|Any CPU.ActiveCfg = Release|Any CPU
		{853C6FCE-3E01-4A93-8786-411056D3A611}.Release|Any CPU.Build.0 = Release|Any CPU
	EndGlobalSection
	GlobalSection(SolutionProperties) = preSolution
		HideSolutionNode = FALSE
	EndGlobalSection
	GlobalSection(ExtensibilityGlobals) = postSolution
		SolutionGuid = {AA608E14-DC34-48F8-83E8-5D00122D806B}
	EndGlobalSection
EndGlobal
